
Microsoft Visual Studio Solution File, Format Version 12.00
# Visual Studio Version 16
VisualStudioVersion = 16.0.29521.150
MinimumVisualStudioVersion = 10.0.40219.1
Project("{FAE04EC0-301F-11D3-BF4B-00C04F79EFBC}") = "ValeurAbsolueNombreReel", "ValeurAbsolueNombreReel\ValeurAbsolueNombreReel.csproj", "{FEFC442A-DD01-42E9-B1CB-F7C61261D53B}"
EndProject
Project("{FAE04EC0-301F-11D3-BF4B-00C04F79EFBC}") = "ResolutionEquationSecondDegreDansR", "ResolutionEquationSecondDegreDansR\ResolutionEquationSecondDegreDansR.csproj", "{2F7D2EE7-9C0E-4F95-ACB0-BCE6D0026326}"
EndProject
Project("{FAE04EC0-301F-11D3-BF4B-00C04F79EFBC}") = "NombresDeArmstrong", "NombresDeArmstrong\NombresDeArmstrong.csproj", "{FDFC6009-036B-4538-BC69-FD787DE72E8A}"
EndProject
Project("{FAE04EC0-301F-11D3-BF4B-00C04F79EFBC}") = "NombresParfaits", "NombresParfaits\NombresParfaits.csproj", "{E8B9BB92-6309-4EB8-A0A7-8748A8851D09}"
EndProject
Project("{FAE04EC0-301F-11D3-BF4B-00C04F79EFBC}") = "PgcdDeuxEntiersEuclide", "PgcdDeuxEntiersEuclide\PgcdDeuxEntiersEuclide.csproj", "{F725B20F-46E0-460F-8228-0E505CFFDEBA}"
EndProject
Project("{FAE04EC0-301F-11D3-BF4B-00C04F79EFBC}") = "PgcdDeuxEntiersEgyptienne", "PgcdDeuxEntiersEgyptienne\PgcdDeuxEntiersEgyptienne.csproj", "{C802D32E-CCCA-4EEB-A537-021428C7B044}"
EndProject
Project("{FAE04EC0-301F-11D3-BF4B-00C04F79EFBC}") = "NombresPremiersDoWhile", "NombresPremiersDoWhile\NombresPremiersDoWhile.csproj", "{91CB8B28-A3A7-4AAB-AEA6-4E81F0AD94A5}"
EndProject
Project("{FAE04EC0-301F-11D3-BF4B-00C04F79EFBC}") = "NombresPremiersFor", "NombresPremiersFor\NombresPremiersFor.csproj", "{63BBD12E-374D-426F-982A-3F09CECE65F8}"
EndProject
Project("{FAE04EC0-301F-11D3-BF4B-00C04F79EFBC}") = "NombresOr", "NombresOr\NombresOr.csproj", "{C5ADC532-3B6C-4875-8684-8557B84DB3CF}"
EndProject
Project("{2150E333-8FDC-42A3-9474-1A3956D46DE8}") = "Algorithmes de calcul", "Algorithmes de calcul", "{D87FE47D-9EA3-4158-80CE-CC0362952D03}"
EndProject
Project("{2150E333-8FDC-42A3-9474-1A3956D46DE8}") = "Algorithmes de tri", "Algorithmes de tri", "{6E4F472D-C9FB-415E-BFA5-4C53CB769F71}"
EndProject
Project("{2150E333-8FDC-42A3-9474-1A3956D46DE8}") = "Quadratiques", "Quadratiques", "{B76DCD39-E0CC-4C45-9E13-72D869F19664}"
EndProject
Project("{2150E333-8FDC-42A3-9474-1A3956D46DE8}") = "Dichotomique", "Dichotomique", "{7AA98617-073C-40FF-AE1A-0A79D27A3D6E}"
EndProject
Project("{2150E333-8FDC-42A3-9474-1A3956D46DE8}") = "Linéaires", "Linéaires", "{5CC1E04F-1703-4292-9DA2-E5FC6EA9D7D1}"
EndProject
Project("{FAE04EC0-301F-11D3-BF4B-00C04F79EFBC}") = "TriDeShell", "TriDeShell\TriDeShell.csproj", "{0FAD29F9-D526-4271-B54D-6A90EEA2B1AE}"
EndProject
Project("{FAE04EC0-301F-11D3-BF4B-00C04F79EFBC}") = "TriParInsertion", "TriParInsertion\TriParInsertion.csproj", "{351EF948-009D-41CD-9D9A-AE8DAF8E735B}"
EndProject
Project("{FAE04EC0-301F-11D3-BF4B-00C04F79EFBC}") = "TriParSelection", "TriParSelection\TriParSelection.csproj", "{EDFFA0EF-3244-4EEB-874A-5EF9646190AC}"
EndProject
Project("{FAE04EC0-301F-11D3-BF4B-00C04F79EFBC}") = "TriFusion", "TriFusion\TriFusion.csproj", "{806D1BE6-76AB-40CD-82E8-A17AD68929D5}"
EndProject
Project("{FAE04EC0-301F-11D3-BF4B-00C04F79EFBC}") = "Smoothsort", "Smoothsort\Smoothsort.csproj", "{3F22C697-173D-4EC6-ABB7-B9F73C4AA614}"
EndProject
Project("{FAE04EC0-301F-11D3-BF4B-00C04F79EFBC}") = "TriParTas", "TriParTas\TriParTas.csproj", "{3ACC500A-F992-4D37-843B-2AC7275F9144}"
EndProject
Project("{FAE04EC0-301F-11D3-BF4B-00C04F79EFBC}") = "TriRapide", "TriRapide\TriRapide.csproj", "{9AADDEE7-CD98-45A6-B677-34F99C7A0FA3}"
EndProject
Project("{FAE04EC0-301F-11D3-BF4B-00C04F79EFBC}") = "TriComptage", "TriComptage\TriComptage.csproj", "{499FD805-E851-4A60-BB1E-E8F35141EBE2}"
EndProject
Project("{FAE04EC0-301F-11D3-BF4B-00C04F79EFBC}") = "TriBulle", "TriBulle\TriBulle.csproj", "{2BF21FFA-EE4F-4FB3-A8A8-093CED8E98DD}"
EndProject
Global
	GlobalSection(SolutionConfigurationPlatforms) = preSolution
		Debug|Any CPU = Debug|Any CPU
		Release|Any CPU = Release|Any CPU
	EndGlobalSection
	GlobalSection(ProjectConfigurationPlatforms) = postSolution
		{FEFC442A-DD01-42E9-B1CB-F7C61261D53B}.Debug|Any CPU.ActiveCfg = Debug|Any CPU
		{FEFC442A-DD01-42E9-B1CB-F7C61261D53B}.Debug|Any CPU.Build.0 = Debug|Any CPU
		{FEFC442A-DD01-42E9-B1CB-F7C61261D53B}.Release|Any CPU.ActiveCfg = Release|Any CPU
		{FEFC442A-DD01-42E9-B1CB-F7C61261D53B}.Release|Any CPU.Build.0 = Release|Any CPU
		{2F7D2EE7-9C0E-4F95-ACB0-BCE6D0026326}.Debug|Any CPU.ActiveCfg = Debug|Any CPU
		{2F7D2EE7-9C0E-4F95-ACB0-BCE6D0026326}.Debug|Any CPU.Build.0 = Debug|Any CPU
		{2F7D2EE7-9C0E-4F95-ACB0-BCE6D0026326}.Release|Any CPU.ActiveCfg = Release|Any CPU
		{2F7D2EE7-9C0E-4F95-ACB0-BCE6D0026326}.Release|Any CPU.Build.0 = Release|Any CPU
		{FDFC6009-036B-4538-BC69-FD787DE72E8A}.Debug|Any CPU.ActiveCfg = Debug|Any CPU
		{FDFC6009-036B-4538-BC69-FD787DE72E8A}.Debug|Any CPU.Build.0 = Debug|Any CPU
		{FDFC6009-036B-4538-BC69-FD787DE72E8A}.Release|Any CPU.ActiveCfg = Release|Any CPU
		{FDFC6009-036B-4538-BC69-FD787DE72E8A}.Release|Any CPU.Build.0 = Release|Any CPU
		{E8B9BB92-6309-4EB8-A0A7-8748A8851D09}.Debug|Any CPU.ActiveCfg = Debug|Any CPU
		{E8B9BB92-6309-4EB8-A0A7-8748A8851D09}.Debug|Any CPU.Build.0 = Debug|Any CPU
		{E8B9BB92-6309-4EB8-A0A7-8748A8851D09}.Release|Any CPU.ActiveCfg = Release|Any CPU
		{E8B9BB92-6309-4EB8-A0A7-8748A8851D09}.Release|Any CPU.Build.0 = Release|Any CPU
		{F725B20F-46E0-460F-8228-0E505CFFDEBA}.Debug|Any CPU.ActiveCfg = Debug|Any CPU
		{F725B20F-46E0-460F-8228-0E505CFFDEBA}.Debug|Any CPU.Build.0 = Debug|Any CPU
		{F725B20F-46E0-460F-8228-0E505CFFDEBA}.Release|Any CPU.ActiveCfg = Release|Any CPU
		{F725B20F-46E0-460F-8228-0E505CFFDEBA}.Release|Any CPU.Build.0 = Release|Any CPU
		{C802D32E-CCCA-4EEB-A537-021428C7B044}.Debug|Any CPU.ActiveCfg = Debug|Any CPU
		{C802D32E-CCCA-4EEB-A537-021428C7B044}.Debug|Any CPU.Build.0 = Debug|Any CPU
		{C802D32E-CCCA-4EEB-A537-021428C7B044}.Release|Any CPU.ActiveCfg = Release|Any CPU
		{C802D32E-CCCA-4EEB-A537-021428C7B044}.Release|Any CPU.Build.0 = Release|Any CPU
		{91CB8B28-A3A7-4AAB-AEA6-4E81F0AD94A5}.Debug|Any CPU.ActiveCfg = Debug|Any CPU
		{91CB8B28-A3A7-4AAB-AEA6-4E81F0AD94A5}.Debug|Any CPU.Build.0 = Debug|Any CPU
		{91CB8B28-A3A7-4AAB-AEA6-4E81F0AD94A5}.Release|Any CPU.ActiveCfg = Release|Any CPU
		{91CB8B28-A3A7-4AAB-AEA6-4E81F0AD94A5}.Release|Any CPU.Build.0 = Release|Any CPU
		{63BBD12E-374D-426F-982A-3F09CECE65F8}.Debug|Any CPU.ActiveCfg = Debug|Any CPU
		{63BBD12E-374D-426F-982A-3F09CECE65F8}.Debug|Any CPU.Build.0 = Debug|Any CPU
		{63BBD12E-374D-426F-982A-3F09CECE65F8}.Release|Any CPU.ActiveCfg = Release|Any CPU
		{63BBD12E-374D-426F-982A-3F09CECE65F8}.Release|Any CPU.Build.0 = Release|Any CPU
		{C5ADC532-3B6C-4875-8684-8557B84DB3CF}.Debug|Any CPU.ActiveCfg = Debug|Any CPU
		{C5ADC532-3B6C-4875-8684-8557B84DB3CF}.Debug|Any CPU.Build.0 = Debug|Any CPU
		{C5ADC532-3B6C-4875-8684-8557B84DB3CF}.Release|Any CPU.ActiveCfg = Release|Any CPU
		{C5ADC532-3B6C-4875-8684-8557B84DB3CF}.Release|Any CPU.Build.0 = Release|Any CPU
		{0FAD29F9-D526-4271-B54D-6A90EEA2B1AE}.Debug|Any CPU.ActiveCfg = Debug|Any CPU
		{0FAD29F9-D526-4271-B54D-6A90EEA2B1AE}.Debug|Any CPU.Build.0 = Debug|Any CPU
		{0FAD29F9-D526-4271-B54D-6A90EEA2B1AE}.Release|Any CPU.ActiveCfg = Release|Any CPU
		{0FAD29F9-D526-4271-B54D-6A90EEA2B1AE}.Release|Any CPU.Build.0 = Release|Any CPU
		{351EF948-009D-41CD-9D9A-AE8DAF8E735B}.Debug|Any CPU.ActiveCfg = Debug|Any CPU
		{351EF948-009D-41CD-9D9A-AE8DAF8E735B}.Debug|Any CPU.Build.0 = Debug|Any CPU
		{351EF948-009D-41CD-9D9A-AE8DAF8E735B}.Release|Any CPU.ActiveCfg = Release|Any CPU
		{351EF948-009D-41CD-9D9A-AE8DAF8E735B}.Release|Any CPU.Build.0 = Release|Any CPU
		{EDFFA0EF-3244-4EEB-874A-5EF9646190AC}.Debug|Any CPU.ActiveCfg = Debug|Any CPU
		{EDFFA0EF-3244-4EEB-874A-5EF9646190AC}.Debug|Any CPU.Build.0 = Debug|Any CPU
		{EDFFA0EF-3244-4EEB-874A-5EF9646190AC}.Release|Any CPU.ActiveCfg = Release|Any CPU
		{EDFFA0EF-3244-4EEB-874A-5EF9646190AC}.Release|Any CPU.Build.0 = Release|Any CPU
		{806D1BE6-76AB-40CD-82E8-A17AD68929D5}.Debug|Any CPU.ActiveCfg = Debug|Any CPU
		{806D1BE6-76AB-40CD-82E8-A17AD68929D5}.Debug|Any CPU.Build.0 = Debug|Any CPU
		{806D1BE6-76AB-40CD-82E8-A17AD68929D5}.Release|Any CPU.ActiveCfg = Release|Any CPU
		{806D1BE6-76AB-40CD-82E8-A17AD68929D5}.Release|Any CPU.Build.0 = Release|Any CPU
		{3F22C697-173D-4EC6-ABB7-B9F73C4AA614}.Debug|Any CPU.ActiveCfg = Debug|Any CPU
		{3F22C697-173D-4EC6-ABB7-B9F73C4AA614}.Debug|Any CPU.Build.0 = Debug|Any CPU
		{3F22C697-173D-4EC6-ABB7-B9F73C4AA614}.Release|Any CPU.ActiveCfg = Release|Any CPU
		{3F22C697-173D-4EC6-ABB7-B9F73C4AA614}.Release|Any CPU.Build.0 = Release|Any CPU
		{3ACC500A-F992-4D37-843B-2AC7275F9144}.Debug|Any CPU.ActiveCfg = Debug|Any CPU
		{3ACC500A-F992-4D37-843B-2AC7275F9144}.Debug|Any CPU.Build.0 = Debug|Any CPU
		{3ACC500A-F992-4D37-843B-2AC7275F9144}.Release|Any CPU.ActiveCfg = Release|Any CPU
		{3ACC500A-F992-4D37-843B-2AC7275F9144}.Release|Any CPU.Build.0 = Release|Any CPU
		{9AADDEE7-CD98-45A6-B677-34F99C7A0FA3}.Debug|Any CPU.ActiveCfg = Debug|Any CPU
		{9AADDEE7-CD98-45A6-B677-34F99C7A0FA3}.Debug|Any CPU.Build.0 = Debug|Any CPU
		{9AADDEE7-CD98-45A6-B677-34F99C7A0FA3}.Release|Any CPU.ActiveCfg = Release|Any CPU
		{9AADDEE7-CD98-45A6-B677-34F99C7A0FA3}.Release|Any CPU.Build.0 = Release|Any CPU
		{499FD805-E851-4A60-BB1E-E8F35141EBE2}.Debug|Any CPU.ActiveCfg = Debug|Any CPU
		{499FD805-E851-4A60-BB1E-E8F35141EBE2}.Debug|Any CPU.Build.0 = Debug|Any CPU
		{499FD805-E851-4A60-BB1E-E8F35141EBE2}.Release|Any CPU.ActiveCfg = Release|Any CPU
		{499FD805-E851-4A60-BB1E-E8F35141EBE2}.Release|Any CPU.Build.0 = Release|Any CPU
		{2BF21FFA-EE4F-4FB3-A8A8-093CED8E98DD}.Debug|Any CPU.ActiveCfg = Debug|Any CPU
		{2BF21FFA-EE4F-4FB3-A8A8-093CED8E98DD}.Debug|Any CPU.Build.0 = Debug|Any CPU
		{2BF21FFA-EE4F-4FB3-A8A8-093CED8E98DD}.Release|Any CPU.ActiveCfg = Release|Any CPU
		{2BF21FFA-EE4F-4FB3-A8A8-093CED8E98DD}.Release|Any CPU.Build.0 = Release|Any CPU
	EndGlobalSection
	GlobalSection(SolutionProperties) = preSolution
		HideSolutionNode = FALSE
	EndGlobalSection
	GlobalSection(NestedProjects) = preSolution
		{FEFC442A-DD01-42E9-B1CB-F7C61261D53B} = {D87FE47D-9EA3-4158-80CE-CC0362952D03}
		{2F7D2EE7-9C0E-4F95-ACB0-BCE6D0026326} = {D87FE47D-9EA3-4158-80CE-CC0362952D03}
		{FDFC6009-036B-4538-BC69-FD787DE72E8A} = {D87FE47D-9EA3-4158-80CE-CC0362952D03}
		{E8B9BB92-6309-4EB8-A0A7-8748A8851D09} = {D87FE47D-9EA3-4158-80CE-CC0362952D03}
		{F725B20F-46E0-460F-8228-0E505CFFDEBA} = {D87FE47D-9EA3-4158-80CE-CC0362952D03}
		{C802D32E-CCCA-4EEB-A537-021428C7B044} = {D87FE47D-9EA3-4158-80CE-CC0362952D03}
		{91CB8B28-A3A7-4AAB-AEA6-4E81F0AD94A5} = {D87FE47D-9EA3-4158-80CE-CC0362952D03}
		{63BBD12E-374D-426F-982A-3F09CECE65F8} = {D87FE47D-9EA3-4158-80CE-CC0362952D03}
		{C5ADC532-3B6C-4875-8684-8557B84DB3CF} = {D87FE47D-9EA3-4158-80CE-CC0362952D03}
		{B76DCD39-E0CC-4C45-9E13-72D869F19664} = {6E4F472D-C9FB-415E-BFA5-4C53CB769F71}
		{7AA98617-073C-40FF-AE1A-0A79D27A3D6E} = {6E4F472D-C9FB-415E-BFA5-4C53CB769F71}
		{5CC1E04F-1703-4292-9DA2-E5FC6EA9D7D1} = {6E4F472D-C9FB-415E-BFA5-4C53CB769F71}
		{0FAD29F9-D526-4271-B54D-6A90EEA2B1AE} = {B76DCD39-E0CC-4C45-9E13-72D869F19664}
		{351EF948-009D-41CD-9D9A-AE8DAF8E735B} = {B76DCD39-E0CC-4C45-9E13-72D869F19664}
		{EDFFA0EF-3244-4EEB-874A-5EF9646190AC} = {B76DCD39-E0CC-4C45-9E13-72D869F19664}
		{806D1BE6-76AB-40CD-82E8-A17AD68929D5} = {7AA98617-073C-40FF-AE1A-0A79D27A3D6E}
		{3F22C697-173D-4EC6-ABB7-B9F73C4AA614} = {7AA98617-073C-40FF-AE1A-0A79D27A3D6E}
		{3ACC500A-F992-4D37-843B-2AC7275F9144} = {7AA98617-073C-40FF-AE1A-0A79D27A3D6E}
		{9AADDEE7-CD98-45A6-B677-34F99C7A0FA3} = {7AA98617-073C-40FF-AE1A-0A79D27A3D6E}
		{499FD805-E851-4A60-BB1E-E8F35141EBE2} = {5CC1E04F-1703-4292-9DA2-E5FC6EA9D7D1}
		{2BF21FFA-EE4F-4FB3-A8A8-093CED8E98DD} = {B76DCD39-E0CC-4C45-9E13-72D869F19664}
	EndGlobalSection
	GlobalSection(ExtensibilityGlobals) = postSolution
		SolutionGuid = {61398835-ABBA-479F-A9C9-BF1791C63E52}
	EndGlobalSection
EndGlobal
